
Microsoft Visual Studio Solution File, Format Version 12.00
# Visual Studio Version 17
VisualStudioVersion = 17.4.33205.214
MinimumVisualStudioVersion = 10.0.40219.1
Project("{FAE04EC0-301F-11D3-BF4B-00C04F79EFBC}") = "WcfServiceLibrary", "WcfServiceLibrary\WcfServiceLibrary.csproj", "{658E584F-C459-4059-B1AC-1CF1AAF6B21B}"
EndProject
Project("{2150E333-8FDC-42A3-9474-1A3956D46DE8}") = "Core", "Core", "{8B92F845-86CA-458A-9FBE-73E1A7D39073}"
EndProject
Project("{2150E333-8FDC-42A3-9474-1A3956D46DE8}") = "Presentation", "Presentation", "{A562EC51-6912-4EEB-AB43-ED79867C9CE7}"
EndProject
Project("{FAE04EC0-301F-11D3-BF4B-00C04F79EFBC}") = "ApplicationService", "ApplicationService\ApplicationService.csproj", "{6EC02553-7C33-4F1C-B653-558D1D2DC5C1}"
EndProject
Project("{FAE04EC0-301F-11D3-BF4B-00C04F79EFBC}") = "Data", "Data\Data.csproj", "{8F481721-F634-4DD8-9791-2FEC2E80197E}"
EndProject
Project("{FAE04EC0-301F-11D3-BF4B-00C04F79EFBC}") = "Repository", "Repository\Repository.csproj", "{442F916A-F274-47BE-8E12-152728978894}"
EndProject
Project("{FAE04EC0-301F-11D3-BF4B-00C04F79EFBC}") = "MVCWebApplicationService", "MVCWebApplicationService\MVCWebApplicationService.csproj", "{8B4B4E69-824C-4ABD-9DCB-A650FBEE6DF0}"
	ProjectSection(ProjectDependencies) = postProject
		{658E584F-C459-4059-B1AC-1CF1AAF6B21B} = {658E584F-C459-4059-B1AC-1CF1AAF6B21B}
	EndProjectSection
EndProject
Global
	GlobalSection(SolutionConfigurationPlatforms) = preSolution
		Debug|Any CPU = Debug|Any CPU
		Release|Any CPU = Release|Any CPU
	EndGlobalSection
	GlobalSection(ProjectConfigurationPlatforms) = postSolution
		{658E584F-C459-4059-B1AC-1CF1AAF6B21B}.Debug|Any CPU.ActiveCfg = Debug|Any CPU
		{658E584F-C459-4059-B1AC-1CF1AAF6B21B}.Debug|Any CPU.Build.0 = Debug|Any CPU
		{658E584F-C459-4059-B1AC-1CF1AAF6B21B}.Release|Any CPU.ActiveCfg = Release|Any CPU
		{658E584F-C459-4059-B1AC-1CF1AAF6B21B}.Release|Any CPU.Build.0 = Release|Any CPU
		{6EC02553-7C33-4F1C-B653-558D1D2DC5C1}.Debug|Any CPU.ActiveCfg = Debug|Any CPU
		{6EC02553-7C33-4F1C-B653-558D1D2DC5C1}.Debug|Any CPU.Build.0 = Debug|Any CPU
		{6EC02553-7C33-4F1C-B653-558D1D2DC5C1}.Release|Any CPU.ActiveCfg = Release|Any CPU
		{6EC02553-7C33-4F1C-B653-558D1D2DC5C1}.Release|Any CPU.Build.0 = Release|Any CPU
		{8F481721-F634-4DD8-9791-2FEC2E80197E}.Debug|Any CPU.ActiveCfg = Debug|Any CPU
		{8F481721-F634-4DD8-9791-2FEC2E80197E}.Debug|Any CPU.Build.0 = Debug|Any CPU
		{8F481721-F634-4DD8-9791-2FEC2E80197E}.Release|Any CPU.ActiveCfg = Release|Any CPU
		{8F481721-F634-4DD8-9791-2FEC2E80197E}.Release|Any CPU.Build.0 = Release|Any CPU
		{442F916A-F274-47BE-8E12-152728978894}.Debug|Any CPU.ActiveCfg = Debug|Any CPU
		{442F916A-F274-47BE-8E12-152728978894}.Debug|Any CPU.Build.0 = Debug|Any CPU
		{442F916A-F274-47BE-8E12-152728978894}.Release|Any CPU.ActiveCfg = Release|Any CPU
		{442F916A-F274-47BE-8E12-152728978894}.Release|Any CPU.Build.0 = Release|Any CPU
		{8B4B4E69-824C-4ABD-9DCB-A650FBEE6DF0}.Debug|Any CPU.ActiveCfg = Debug|Any CPU
		{8B4B4E69-824C-4ABD-9DCB-A650FBEE6DF0}.Debug|Any CPU.Build.0 = Debug|Any CPU
		{8B4B4E69-824C-4ABD-9DCB-A650FBEE6DF0}.Release|Any CPU.ActiveCfg = Release|Any CPU
		{8B4B4E69-824C-4ABD-9DCB-A650FBEE6DF0}.Release|Any CPU.Build.0 = Release|Any CPU
	EndGlobalSection
	GlobalSection(SolutionProperties) = preSolution
		HideSolutionNode = FALSE
	EndGlobalSection
	GlobalSection(NestedProjects) = preSolution
		{658E584F-C459-4059-B1AC-1CF1AAF6B21B} = {A562EC51-6912-4EEB-AB43-ED79867C9CE7}
		{6EC02553-7C33-4F1C-B653-558D1D2DC5C1} = {8B92F845-86CA-458A-9FBE-73E1A7D39073}
		{8F481721-F634-4DD8-9791-2FEC2E80197E} = {8B92F845-86CA-458A-9FBE-73E1A7D39073}
		{442F916A-F274-47BE-8E12-152728978894} = {8B92F845-86CA-458A-9FBE-73E1A7D39073}
		{8B4B4E69-824C-4ABD-9DCB-A650FBEE6DF0} = {A562EC51-6912-4EEB-AB43-ED79867C9CE7}
	EndGlobalSection
	GlobalSection(ExtensibilityGlobals) = postSolution
		SolutionGuid = {76193C5C-A4DC-40B0-8FBF-B16B7B92CFA3}
	EndGlobalSection
EndGlobal
